github.com/arjit7d3/go-binance v0.0.0-20260218071705-3b6addda0a13 h1:yEvYgpAUgauKEmYBFTqQLRmPCE/RutAKTXcs32vB51Y=
github.com/arjit7d3/go-binance v0.0.0-20260218071705-3b6addda0a13/go.mod h1:cbySOjJLQfSwVqVqBrBD8jxpLF87utLEji0NUZ64tS4=
github.com/coder/websocket v1.8.14 h1:9L0p0iKiNOibykf283eHkKUHHrpG7f65OE3BhhO7v9g=
github.com/coder/websocket v1.8.14/go.mod h1:NX3SzP+inril6yawo5CQXx8+fk145lPDC6pumgx0mVg=
